
Microsoft Visual Studio Solution File, Format Version 12.00
# Visual Studio Version 17
VisualStudioVersion = 17.13.35919.96 d17.13
MinimumVisualStudioVersion = 10.0.40219.1
Project("{FAE04EC0-301F-11D3-BF4B-00C04F79EFBC}") = "WebApplication1", "WebApplication1\WebApplication1.csproj", "{742C796B-5EBB-4B7D-A36F-21F02079721D}"
EndProject
Global
	GlobalSection(SolutionConfigurationPlatforms) = preSolution
		Debug|Any CPU = Debug|Any CPU
		Release|Any CPU = Release|Any CPU
	EndGlobalSection
	GlobalSection(ProjectConfigurationPlatforms) = postSolution
		{742C796B-5EBB-4B7D-A36F-21F02079721D}.Debug|Any CPU.ActiveCfg = Debug|Any CPU
		{742C796B-5EBB-4B7D-A36F-21F02079721D}.Debug|Any CPU.Build.0 = Debug|Any CPU
		{742C796B-5EBB-4B7D-A36F-21F02079721D}.Release|Any CPU.ActiveCfg = Release|Any CPU
		{742C796B-5EBB-4B7D-A36F-21F02079721D}.Release|Any CPU.Build.0 = Release|Any CPU
	EndGlobalSection
	GlobalSection(SolutionProperties) = preSolution
		HideSolutionNode = FALSE
	EndGlobalSection
	GlobalSection(ExtensibilityGlobals) = postSolution
		SolutionGuid = {1F90BD09-7314-4D39-B5E4-41339842C629}
	EndGlobalSection
EndGlobal
